// !$*UTF8*$!
{
	archiveVersion = 1;
	classes = {
	};
	objectVersion = 50;
	objects = {

/* Begin PBXBuildFile section */
		775B6D2F28DDB48900909547 /* AppDelegate.swift in Sources */ = {isa = PBXBuildFile; fileRef = 775B6D2E28DDB48900909547 /* AppDelegate.swift */; };
		775B6D3128DDB48900909547 /* SceneDelegate.swift in Sources */ = {isa = PBXBuildFile; fileRef = 775B6D3028DDB48900909547 /* SceneDelegate.swift */; };
		775B6D3328DDB48900909547 /* ViewController.swift in Sources */ = {isa = PBXBuildFile; fileRef = 775B6D3228DDB48900909547 /* ViewController.swift */; };
		775B6D3628DDB48900909547 /* Main.storyboard in Resources */ = {isa = PBXBuildFile; fileRef = 775B6D3428DDB48900909547 /* Main.storyboard */; };
		775B6D3928DDB48900909547 /* Log_in.xcdatamodeld in Sources */ = {isa = PBXBuildFile; fileRef = 775B6D3728DDB48900909547 /* Log_in.xcdatamodeld */; };
		775B6D3B28DDB48B00909547 /* Assets.xcassets in Resources */ = {isa = PBXBuildFile; fileRef = 775B6D3A28DDB48B00909547 /* Assets.xcassets */; };
		775B6D3E28DDB48B00909547 /* LaunchScreen.storyboard in Resources */ = {isa = PBXBuildFile; fileRef = 775B6D3C28DDB48B00909547 /* LaunchScreen.storyboard */; };
		775B6D4928DDB48B00909547 /* Log_inTests.swift in Sources */ = {isa = PBXBuildFile; fileRef = 775B6D4828DDB48B00909547 /* Log_inTests.swift */; };
		775B6D5428DDB48B00909547 /* Log_inUITests.swift in Sources */ = {isa = PBXBuildFile; fileRef = 775B6D5328DDB48B00909547 /* Log_inUITests.swift */; };
/* End PBXBuildFile section */

/* Begin PBXContainerItemProxy section */
		775B6D4528DDB48B00909547 /* PBXContainerItemProxy */ = {
			isa = PBXContainerItemProxy;
			containerPortal = 775B6D2328DDB48800909547 /* Project object */;
			proxyType = 1;
			remoteGlobalIDString = 775B6D2A28DDB48900909547;
			remoteInfo = "Log in";
		};
		775B6D5028DDB48B00909547 /* PBXContainerItemProxy */ = {
			isa = PBXContainerItemProxy;
			containerPortal = 775B6D2328DDB48800909547 /* Project object */;
			proxyType = 1;
			remoteGlobalIDString = 775B6D2A28DDB48900909547;
			remoteInfo = "Log in";
		};
/* End PBXContainerItemProxy section */

/* Begin PBXFileReference section */
		775B6D2B28DDB48900909547 /* Log in.app */ = {isa = PBXFileReference; explicitFileType = wrapper.application; includeInIndex = 0; path = "Log in.app"; sourceTree = BUILT_PRODUCTS_DIR; };
		775B6D2E28DDB48900909547 /* AppDelegate.swift */ = {isa = PBXFileReference; lastKnownFileType = sourcecode.swift; path = AppDelegate.swift; sourceTree = "<group>"; };
		775B6D3028DDB48900909547 /* SceneDelegate.swift */ = {isa = PBXFileReference; lastKnownFileType = sourcecode.swift; path = SceneDelegate.swift; sourceTree = "<group>"; };
		775B6D3228DDB48900909547 /* ViewController.swift */ = {isa = PBXFileReference; lastKnownFileType = sourcecode.swift; path = ViewController.swift; sourceTree = "<group>"; };
		775B6D3528DDB48900909547 /* Base */ = {isa = PBXFileReference; lastKnownFileType = file.storyboard; name = Base; path = Base.lproj/Main.storyboard; sourceTree = "<group>"; };
		775B6D3828DDB48900909547 /* Log_in.xcdatamodel */ = {isa = PBXFileReference; lastKnownFileType = wrapper.xcdatamodel; path = Log_in.xcdatamodel; sourceTree = "<group>"; };
		775B6D3A28DDB48B00909547 /* Assets.xcassets */ = {isa = PBXFileReference; lastKnownFileType = folder.assetcatalog; path = Assets.xcassets; sourceTree = "<group>"; };
		775B6D3D28DDB48B00909547 /* Base */ = {isa = PBXFileReference; lastKnownFileType = file.storyboard; name = Base; path = Base.lproj/LaunchScreen.storyboard; sourceTree = "<group>"; };
		775B6D3F28DDB48B00909547 /* Info.plist */ = {isa = PBXFileReference; lastKnownFileType = text.plist.xml; path = Info.plist; sourceTree = "<group>"; };
		775B6D4428DDB48B00909547 /* Log inTests.xctest */ = {isa = PBXFileReference; explicitFileType = wrapper.cfbundle; includeInIndex = 0; path = "Log inTests.xctest"; sourceTree = BUILT_PRODUCTS_DIR; };
		775B6D4828DDB48B00909547 /* Log_inTests.swift */ = {isa = PBXFileReference; lastKnownFileType = sourcecode.swift; path = Log_inTests.swift; sourceTree = "<group>"; };
		775B6D4A28DDB48B00909547 /* Info.plist */ = {isa = PBXFileReference; lastKnownFileType = text.plist.xml; path = Info.plist; sourceTree = "<group>"; };
		775B6D4F28DDB48B00909547 /* Log inUITests.xctest */ = {isa = PBXFileReference; explicitFileType = wrapper.cfbundle; includeInIndex = 0; path = "Log inUITests.xctest"; sourceTree = BUILT_PRODUCTS_DIR; };
		775B6D5328DDB48B00909547 /* Log_inUITests.swift */ = {isa = PBXFileReference; lastKnownFileType = sourcecode.swift; path = Log_inUITests.swift; sourceTree = "<group>"; };
		775B6D5528DDB48B00909547 /* Info.plist */ = {isa = PBXFileReference; lastKnownFileType = text.plist.xml; path = Info.plist; sourceTree = "<group>"; };
/* End PBXFileReference section */

/* Begin PBXFrameworksBuildPhase section */
		775B6D2828DDB48900909547 /* Frameworks */ = {
			isa = PBXFrameworksBuildPhase;
			buildActionMask = 2147483647;
			files = (
			);
			runOnlyForDeploymentPostprocessing = 0;
		};
		775B6D4128DDB48B00909547 /* Frameworks */ = {
			isa = PBXFrameworksBuildPhase;
			buildActionMask = 2147483647;
			files = (
			);
			runOnlyForDeploymentPostprocessing = 0;
		};
		775B6D4C28DDB48B00909547 /* Frameworks */ = {
			isa = PBXFrameworksBuildPhase;
			buildActionMask = 2147483647;
			files = (
			);
			runOnlyForDeploymentPostprocessing = 0;
		};
/* End PBXFrameworksBuildPhase section */

/* Begin PBXGroup section */
		775B6D2228DDB48800909547 = {
			isa = PBXGroup;
			children = (
				775B6D2D28DDB48900909547 /* Log in */,
				775B6D4728DDB48B00909547 /* Log inTests */,
				775B6D5228DDB48B00909547 /* Log inUITests */,
				775B6D2C28DDB48900909547 /* Products */,
			);
			sourceTree = "<group>";
		};
		775B6D2C28DDB48900909547 /* Products */ = {
			isa = PBXGroup;
			children = (
				775B6D2B28DDB48900909547 /* Log in.app */,
				775B6D4428DDB48B00909547 /* Log inTests.xctest */,
				775B6D4F28DDB48B00909547 /* Log inUITests.xctest */,
			);
			name = Products;
			sourceTree = "<group>";
		};
		775B6D2D28DDB48900909547 /* Log in */ = {
			isa = PBXGroup;
			children = (
				775B6D2E28DDB48900909547 /* AppDelegate.swift */,
				775B6D3028DDB48900909547 /* SceneDelegate.swift */,
				775B6D3228DDB48900909547 /* ViewController.swift */,
				775B6D3428DDB48900909547 /* Main.storyboard */,
				775B6D3A28DDB48B00909547 /* Assets.xcassets */,
				775B6D3C28DDB48B00909547 /* LaunchScreen.storyboard */,
				775B6D3F28DDB48B00909547 /* Info.plist */,
				775B6D3728DDB48900909547 /* Log_in.xcdatamodeld */,
			);
			path = "Log in";
			sourceTree = "<group>";
		};
		775B6D4728DDB48B00909547 /* Log inTests */ = {
			isa = PBXGroup;
			children = (
				775B6D4828DDB48B00909547 /* Log_inTests.swift */,
				775B6D4A28DDB48B00909547 /* Info.plist */,
			);
			path = "Log inTests";
			sourceTree = "<group>";
		};
		775B6D5228DDB48B00909547 /* Log inUITests */ = {
			isa = PBXGroup;
			children = (
				775B6D5328DDB48B00909547 /* Log_inUITests.swift */,
				775B6D5528DDB48B00909547 /* Info.plist */,
			);
			path = "Log inUITests";
			sourceTree = "<group>";
		};
/* End PBXGroup section */

/* Begin PBXNativeTarget section */
		775B6D2A28DDB48900909547 /* Log in */ = {
			isa = PBXNativeTarget;
			buildConfigurationList = 775B6D5828DDB48B00909547 /* Build configuration list for PBXNativeTarget "Log in" */;
			buildPhases = (
				775B6D2728DDB48900909547 /* Sources */,
				775B6D2828DDB48900909547 /* Frameworks */,
				775B6D2928DDB48900909547 /* Resources */,
			);
			buildRules = (
			);
			dependencies = (
			);
			name = "Log in";
			productName = "Log in";
			productReference = 775B6D2B28DDB48900909547 /* Log in.app */;
			productType = "com.apple.product-type.application";
		};
		775B6D4328DDB48B00909547 /* Log inTests */ = {
			isa = PBXNativeTarget;
			buildConfigurationList = 775B6D5B28DDB48B00909547 /* Build configuration list for PBXNativeTarget "Log inTests" */;
			buildPhases = (
				775B6D4028DDB48B00909547 /* Sources */,
				775B6D4128DDB48B00909547 /* Frameworks */,
				775B6D4228DDB48B00909547 /* Resources */,
			);
			buildRules = (
			);
			dependencies = (
				775B6D4628DDB48B00909547 /* PBXTargetDependency */,
			);
			name = "Log inTests";
			productName = "Log inTests";
			productReference = 775B6D4428DDB48B00909547 /* Log inTests.xctest */;
			productType = "com.apple.product-type.bundle.unit-test";
		};
		775B6D4E28DDB48B00909547 /* Log inUITests */ = {
			isa = PBXNativeTarget;
			buildConfigurationList = 775B6D5E28DDB48B00909547 /* Build configuration list for PBXNativeTarget "Log inUITests" */;
			buildPhases = (
				775B6D4B28DDB48B00909547 /* Sources */,
				775B6D4C28DDB48B00909547 /* Frameworks */,
				775B6D4D28DDB48B00909547 /* Resources */,
			);
			buildRules = (
			);
			dependencies = (
				775B6D5128DDB48B00909547 /* PBXTargetDependency */,
			);
			name = "Log inUITests";
			productName = "Log inUITests";
			productReference = 775B6D4F28DDB48B00909547 /* Log inUITests.xctest */;
			productType = "com.apple.product-type.bundle.ui-testing";
		};
/* End PBXNativeTarget section */

/* Begin PBXProject section */
		775B6D2328DDB48800909547 /* Project object */ = {
			isa = PBXProject;
			attributes = {
				LastSwiftUpdateCheck = 1240;
				LastUpgradeCheck = 1240;
				TargetAttributes = {
					775B6D2A28DDB48900909547 = {
						CreatedOnToolsVersion = 12.4;
					};
					775B6D4328DDB48B00909547 = {
						CreatedOnToolsVersion = 12.4;
						TestTargetID = 775B6D2A28DDB48900909547;
					};
					775B6D4E28DDB48B00909547 = {
						CreatedOnToolsVersion = 12.4;
						TestTargetID = 775B6D2A28DDB48900909547;
					};
				};
			};
			buildConfigurationList = 775B6D2628DDB48800909547 /* Build configuration list for PBXProject "Log in" */;
			compatibilityVersion = "Xcode 9.3";
			developmentRegion = en;
			hasScannedForEncodings = 0;
			knownRegions = (
				en,
				Base,
			);
			mainGroup = 775B6D2228DDB48800909547;
			productRefGroup = 775B6D2C28DDB48900909547 /* Products */;
			projectDirPath = "";
			projectRoot = "";
			targets = (
				775B6D2A28DDB48900909547 /* Log in */,
				775B6D4328DDB48B00909547 /* Log inTests */,
				775B6D4E28DDB48B00909547 /* Log inUITests */,
			);
		};
/* End PBXProject section */

/* Begin PBXResourcesBuildPhase section */
		775B6D2928DDB48900909547 /* Resources */ = {
			isa = PBXResourcesBuildPhase;
			buildActionMask = 2147483647;
			files = (
				775B6D3E28DDB48B00909547 /* LaunchScreen.storyboard in Resources */,
				775B6D3B28DDB48B00909547 /* Assets.xcassets in Resources */,
				775B6D3628DDB48900909547 /* Main.storyboard in Resources */,
			);
			runOnlyForDeploymentPostprocessing = 0;
		};
		775B6D4228DDB48B00909547 /* Resources */ = {
			isa = PBXResourcesBuildPhase;
			buildActionMask = 2147483647;
			files = (
			);
			runOnlyForDeploymentPostprocessing = 0;
		};
		775B6D4D28DDB48B00909547 /* Resources */ = {
			isa = PBXResourcesBuildPhase;
			buildActionMask = 2147483647;
			files = (
			);
			runOnlyForDeploymentPostprocessing = 0;
		};
/* End PBXResourcesBuildPhase section */

/* Begin PBXSourcesBuildPhase section */
		775B6D2728DDB48900909547 /* Sources */ = {
			isa = PBXSourcesBuildPhase;
			buildActionMask = 2147483647;
			files = (
				775B6D3328DDB48900909547 /* ViewController.swift in Sources */,
				775B6D2F28DDB48900909547 /* AppDelegate.swift in Sources */,
				775B6D3128DDB48900909547 /* SceneDelegate.swift in Sources */,
				775B6D3928DDB48900909547 /* Log_in.xcdatamodeld in Sources */,
			);
			runOnlyForDeploymentPostprocessing = 0;
		};
		775B6D4028DDB48B00909547 /* Sources */ = {
			isa = PBXSourcesBuildPhase;
			buildActionMask = 2147483647;
			files = (
				775B6D4928DDB48B00909547 /* Log_inTests.swift in Sources */,
			);
			runOnlyForDeploymentPostprocessing = 0;
		};
		775B6D4B28DDB48B00909547 /* Sources */ = {
			isa = PBXSourcesBuildPhase;
			buildActionMask = 2147483647;
			files = (
				775B6D5428DDB48B00909547 /* Log_inUITests.swift in Sources */,
			);
			runOnlyForDeploymentPostprocessing = 0;
		};
/* End PBXSourcesBuildPhase section */

/* Begin PBXTargetDependency section */
		775B6D4628DDB48B00909547 /* PBXTargetDependency */ = {
			isa = PBXTargetDependency;
			target = 775B6D2A28DDB48900909547 /* Log in */;
			targetProxy = 775B6D4528DDB48B00909547 /* PBXContainerItemProxy */;
		};
		775B6D5128DDB48B00909547 /* PBXTargetDependency */ = {
			isa = PBXTargetDependency;
			target = 775B6D2A28DDB48900909547 /* Log in */;
			targetProxy = 775B6D5028DDB48B00909547 /* PBXContainerItemProxy */;
		};
/* End PBXTargetDependency section */

/* Begin PBXVariantGroup section */
		775B6D3428DDB48900909547 /* Main.storyboard */ = {
			isa = PBXVariantGroup;
			children = (
				775B6D3528DDB48900909547 /* Base */,
			);
			name = Main.storyboard;
			sourceTree = "<group>";
		};
		775B6D3C28DDB48B00909547 /* LaunchScreen.storyboard */ = {
			isa = PBXVariantGroup;
			children = (
				775B6D3D28DDB48B00909547 /* Base */,
			);
			name = LaunchScreen.storyboard;
			sourceTree = "<group>";
		};
/* End PBXVariantGroup section */

/* Begin XCBuildConfiguration section */
		775B6D5628DDB48B00909547 /* Debug */ = {
			isa = XCBuildConfiguration;
			buildSettings = {
				ALWAYS_SEARCH_USER_PATHS = NO;
				CLANG_ANALYZER_NONNULL = YES;
				CLANG_ANALYZER_NUMBER_OBJECT_CONVERSION = YES_AGGRESSIVE;
				CLANG_CXX_LANGUAGE_STANDARD = "gnu++14";
				CLANG_CXX_LIBRARY = "libc++";
				CLANG_ENABLE_MODULES = YES;
				CLANG_ENABLE_OBJC_ARC = YES;
				CLANG_ENABLE_OBJC_WEAK = YES;
				CLANG_WARN_BLOCK_CAPTURE_AUTORELEASING = YES;
				CLANG_WARN_BOOL_CONVERSION = YES;
				CLANG_WARN_COMMA = YES;
				CLANG_WARN_CONSTANT_CONVERSION = YES;
				CLANG_WARN_DEPRECATED_OBJC_IMPLEMENTATIONS = YES;
				CLANG_WARN_DIRECT_OBJC_ISA_USAGE = YES_ERROR;
				CLANG_WARN_DOCUMENTATION_COMMENTS = YES;
				CLANG_WARN_EMPTY_BODY = YES;
				CLANG_WARN_ENUM_CONVERSION = YES;
				CLANG_WARN_INFINITE_RECURSION = YES;
				CLANG_WARN_INT_CONVERSION = YES;
				CLANG_WARN_NON_LITERAL_NULL_CONVERSION = YES;
				CLANG_WARN_OBJC_IMPLICIT_RETAIN_SELF = YES;
				CLANG_WARN_OBJC_LITERAL_CONVERSION = YES;
				CLANG_WARN_OBJC_ROOT_CLASS = YES_ERROR;
				CLANG_WARN_QUOTED_INCLUDE_IN_FRAMEWORK_HEADER = YES;
				CLANG_WARN_RANGE_LOOP_ANALYSIS = YES;
				CLANG_WARN_STRICT_PROTOTYPES = YES;
				CLANG_WARN_SUSPICIOUS_MOVE = YES;
				CLANG_WARN_UNGUARDED_AVAILABILITY = YES_AGGRESSIVE;
				CLANG_WARN_UNREACHABLE_CODE = YES;
				CLANG_WARN__DUPLICATE_METHOD_MATCH = YES;
				COPY_PHASE_STRIP = NO;
				DEBUG_INFORMATION_FORMAT = dwarf;
				ENABLE_STRICT_OBJC_MSGSEND = YES;
				ENABLE_TESTABILITY = YES;
				GCC_C_LANGUAGE_STANDARD = gnu11;
				GCC_DYNAMIC_NO_PIC = NO;
				GCC_NO_COMMON_BLOCKS = YES;
				GCC_OPTIMIZATION_LEVEL = 0;
				GCC_PREPROCESSOR_DEFINITIONS = (
					"DEBUG=1",
					"$(inherited)",
				);
				GCC_WARN_64_TO_32_BIT_CONVERSION = YES;
				GCC_WARN_ABOUT_RETURN_TYPE = YES_ERROR;
				GCC_WARN_UNDECLARED_SELECTOR = YES;
				GCC_WARN_UNINITIALIZED_AUTOS = YES_AGGRESSIVE;
				GCC_WARN_UNUSED_FUNCTION = YES;
				GCC_WARN_UNUSED_VARIABLE = YES;
				IPHONEOS_DEPLOYMENT_TARGET = 14.4;
				MTL_ENABLE_DEBUG_INFO = INCLUDE_SOURCE;
				MTL_FAST_MATH = YES;
				ONLY_ACTIVE_ARCH = YES;
				SDKROOT = iphoneos;
				SWIFT_ACTIVE_COMPILATION_CONDITIONS = DEBUG;
				SWIFT_OPTIMIZATION_LEVEL = "-Onone";
			};
			name = Debug;
		};
		775B6D5728DDB48B00909547 /* Release */ = {
			isa = XCBuildConfiguration;
			buildSettings = {
				ALWAYS_SEARCH_USER_PATHS = NO;
				CLANG_ANALYZER_NONNULL = YES;
				CLANG_ANALYZER_NUMBER_OBJECT_CONVERSION = YES_AGGRESSIVE;
				CLANG_CXX_LANGUAGE_STANDARD = "gnu++14";
				CLANG_CXX_LIBRARY = "libc++";
				CLANG_ENABLE_MODULES = YES;
				CLANG_ENABLE_OBJC_ARC = YES;
				CLANG_ENABLE_OBJC_WEAK = YES;
				CLANG_WARN_BLOCK_CAPTURE_AUTORELEASING = YES;
				CLANG_WARN_BOOL_CONVERSION = YES;
				CLANG_WARN_COMMA = YES;
				CLANG_WARN_CONSTANT_CONVERSION = YES;
				CLANG_WARN_DEPRECATED_OBJC_IMPLEMENTATIONS = YES;
				CLANG_WARN_DIRECT_OBJC_ISA_USAGE = YES_ERROR;
				CLANG_WARN_DOCUMENTATION_COMMENTS = YES;
				CLANG_WARN_EMPTY_BODY = YES;
				CLANG_WARN_ENUM_CONVERSION = YES;
				CLANG_WARN_INFINITE_RECURSION = YES;
				CLANG_WARN_INT_CONVERSION = YES;
				CLANG_WARN_NON_LITERAL_NULL_CONVERSION = YES;
				CLANG_WARN_OBJC_IMPLICIT_RETAIN_SELF = YES;
				CLANG_WARN_OBJC_LITERAL_CONVERSION = YES;
				CLANG_WARN_OBJC_ROOT_CLASS = YES_ERROR;
				CLANG_WARN_QUOTED_INCLUDE_IN_FRAMEWORK_HEADER = YES;
				CLANG_WARN_RANGE_LOOP_ANALYSIS = YES;
				CLANG_WARN_STRICT_PROTOTYPES = YES;
				CLANG_WARN_SUSPICIOUS_MOVE = YES;
				CLANG_WARN_UNGUARDED_AVAILABILITY = YES_AGGRESSIVE;
				CLANG_WARN_UNREACHABLE_CODE = YES;
				CLANG_WARN__DUPLICATE_METHOD_MATCH = YES;
				COPY_PHASE_STRIP = NO;
				DEBUG_INFORMATION_FORMAT = "dwarf-with-dsym";
				ENABLE_NS_ASSERTIONS = NO;
				ENABLE_STRICT_OBJC_MSGSEND = YES;
				GCC_C_LANGUAGE_STANDARD = gnu11;
				GCC_NO_COMMON_BLOCKS = YES;
				GCC_WARN_64_TO_32_BIT_CONVERSION = YES;
				GCC_WARN_ABOUT_RETURN_TYPE = YES_ERROR;
				GCC_WARN_UNDECLARED_SELECTOR = YES;
				GCC_WARN_UNINITIALIZED_AUTOS = YES_AGGRESSIVE;
				GCC_WARN_UNUSED_FUNCTION = YES;
				GCC_WARN_UNUSED_VARIABLE = YES;
				IPHONEOS_DEPLOYMENT_TARGET = 14.4;
				MTL_ENABLE_DEBUG_INFO = NO;
				MTL_FAST_MATH = YES;
				SDKROOT = iphoneos;
				SWIFT_COMPILATION_MODE = wholemodule;
				SWIFT_OPTIMIZATION_LEVEL = "-O";
				VALIDATE_PRODUCT = YES;
			};
			name = Release;
		};
		775B6D5928DDB48B00909547 /* Debug */ = {
			isa = XCBuildConfiguration;
			buildSettings = {
				ASSETCATALOG_COMPILER_APPICON_NAME = AppIcon;
				ASSETCATALOG_COMPILER_GLOBAL_ACCENT_COLOR_NAME = AccentColor;
				CODE_SIGN_STYLE = Automatic;
				INFOPLIST_FILE = "Log in/Info.plist";
				LD_RUNPATH_SEARCH_PATHS = (
					"$(inherited)",
					"@executable_path/Frameworks",
				);
				PRODUCT_BUNDLE_IDENTIFIER = "H.Log-in";
				PRODUCT_NAME = "$(TARGET_NAME)";
				SWIFT_VERSION = 5.0;
				TARGETED_DEVICE_FAMILY = "1,2";
			};
			name = Debug;
		};
		775B6D5A28DDB48B00909547 /* Release */ = {
			isa = XCBuildConfiguration;
			buildSettings = {
				ASSETCATALOG_COMPILER_APPICON_NAME = AppIcon;
				ASSETCATALOG_COMPILER_GLOBAL_ACCENT_COLOR_NAME = AccentColor;
				CODE_SIGN_STYLE = Automatic;
				INFOPLIST_FILE = "Log in/Info.plist";
				LD_RUNPATH_SEARCH_PATHS = (
					"$(inherited)",
					"@executable_path/Frameworks",
				);
				PRODUCT_BUNDLE_IDENTIFIER = "H.Log-in";
				PRODUCT_NAME = "$(TARGET_NAME)";
				SWIFT_VERSION = 5.0;
				TARGETED_DEVICE_FAMILY = "1,2";
			};
			name = Release;
		};
		775B6D5C28DDB48B00909547 /* Debug */ = {
			isa = XCBuildConfiguration;
			buildSettings = {
				ALWAYS_EMBED_SWIFT_STANDARD_LIBRARIES = YES;
				BUNDLE_LOADER = "$(TEST_HOST)";
				CODE_SIGN_STYLE = Automatic;
				INFOPLIST_FILE = "Log inTests/Info.plist";
				IPHONEOS_DEPLOYMENT_TARGET = 14.4;
				LD_RUNPATH_SEARCH_PATHS = (
					"$(inherited)",
					"@executable_path/Frameworks",
					"@loader_path/Frameworks",
				);
				PRODUCT_BUNDLE_IDENTIFIER = "H.Log-inTests";
				PRODUCT_NAME = "$(TARGET_NAME)";
				SWIFT_VERSION = 5.0;
				TARGETED_DEVICE_FAMILY = "1,2";
				TEST_HOST = "$(BUILT_PRODUCTS_DIR)/Log in.app/Log in";
			};
			name = Debug;
		};
		775B6D5D28DDB48B00909547 /* Release */ = {
			isa = XCBuildConfiguration;
			buildSettings = {
				ALWAYS_EMBED_SWIFT_STANDARD_LIBRARIES = YES;
				BUNDLE_LOADER = "$(TEST_HOST)";
				CODE_SIGN_STYLE = Automatic;
				INFOPLIST_FILE = "Log inTests/Info.plist";
				IPHONEOS_DEPLOYMENT_TARGET = 14.4;
				LD_RUNPATH_SEARCH_PATHS = (
					"$(inherited)",
					"@executable_path/Frameworks",
					"@loader_path/Frameworks",
				);
				PRODUCT_BUNDLE_IDENTIFIER = "H.Log-inTests";
				PRODUCT_NAME = "$(TARGET_NAME)";
				SWIFT_VERSION = 5.0;
				TARGETED_DEVICE_FAMILY = "1,2";
				TEST_HOST = "$(BUILT_PRODUCTS_DIR)/Log in.app/Log in";
			};
			name = Release;
		};
		775B6D5F28DDB48B00909547 /* Debug */ = {
			isa = XCBuildConfiguration;
			buildSettings = {
				ALWAYS_EMBED_SWIFT_STANDARD_LIBRARIES = YES;
				CODE_SIGN_STYLE = Automatic;
				INFOPLIST_FILE = "Log inUITests/Info.plist";
				LD_RUNPATH_SEARCH_PATHS = (
					"$(inherited)",
					"@executable_path/Frameworks",
					"@loader_path/Frameworks",
				);
				PRODUCT_BUNDLE_IDENTIFIER = "H.Log-inUITests";
				PRODUCT_NAME = "$(TARGET_NAME)";
				SWIFT_VERSION = 5.0;
				TARGETED_DEVICE_FAMILY = "1,2";
				TEST_TARGET_NAME = "Log in";
			};
			name = Debug;
		};
		775B6D6028DDB48B00909547 /* Release */ = {
			isa = XCBuildConfiguration;
			buildSettings = {
				ALWAYS_EMBED_SWIFT_STANDARD_LIBRARIES = YES;
				CODE_SIGN_STYLE = Automatic;
				INFOPLIST_FILE = "Log inUITests/Info.plist";
				LD_RUNPATH_SEARCH_PATHS = (
					"$(inherited)",
					"@executable_path/Frameworks",
					"@loader_path/Frameworks",
				);
				PRODUCT_BUNDLE_IDENTIFIER = "H.Log-inUITests";
				PRODUCT_NAME = "$(TARGET_NAME)";
				SWIFT_VERSION = 5.0;
				TARGETED_DEVICE_FAMILY = "1,2";
				TEST_TARGET_NAME = "Log in";
			};
			name = Release;
		};
/* End XCBuildConfiguration section */

/* Begin XCConfigurationList section */
		775B6D2628DDB48800909547 /* Build configuration list for PBXProject "Log in" */ = {
			isa = XCConfigurationList;
			buildConfigurations = (
				775B6D5628DDB48B00909547 /* Debug */,
				775B6D5728DDB48B00909547 /* Release */,
			);
			defaultConfigurationIsVisible = 0;
			defaultConfigurationName = Release;
		};
		775B6D5828DDB48B00909547 /* Build configuration list for PBXNativeTarget "Log in" */ = {
			isa = XCConfigurationList;
			buildConfigurations = (
				775B6D5928DDB48B00909547 /* Debug */,
				775B6D5A28DDB48B00909547 /* Release */,
			);
			defaultConfigurationIsVisible = 0;
			defaultConfigurationName = Release;
		};
		775B6D5B28DDB48B00909547 /* Build configuration list for PBXNativeTarget "Log inTests" */ = {
			isa = XCConfigurationList;
			buildConfigurations = (
				775B6D5C28DDB48B00909547 /* Debug */,
				775B6D5D28DDB48B00909547 /* Release */,
			);
			defaultConfigurationIsVisible = 0;
			defaultConfigurationName = Release;
		};
		775B6D5E28DDB48B00909547 /* Build configuration list for PBXNativeTarget "Log inUITests" */ = {
			isa = XCConfigurationList;
			buildConfigurations = (
				775B6D5F28DDB48B00909547 /* Debug */,
				775B6D6028DDB48B00909547 /* Release */,
			);
			defaultConfigurationIsVisible = 0;
			defaultConfigurationName = Release;
		};
/* End XCConfigurationList section */

/* Begin XCVersionGroup section */
		775B6D3728DDB48900909547 /* Log_in.xcdatamodeld */ = {
			isa = XCVersionGroup;
			children = (
				775B6D3828DDB48900909547 /* Log_in.xcdatamodel */,
			);
			currentVersion = 775B6D3828DDB48900909547 /* Log_in.xcdatamodel */;
			path = Log_in.xcdatamodeld;
			sourceTree = "<group>";
			versionGroupType = wrapper.xcdatamodel;
		};
/* End XCVersionGroup section */
	};
	rootObject = 775B6D2328DDB48800909547 /* Project object */;
}
