// !$*UTF8*$!
{
	archiveVersion = 1;
	classes = {
	};
	objectVersion = 50;
	objects = {

/* Begin PBXBuildFile section */
		77D077D928DB0CCA009054CC /* AppDelegate.swift in Sources */ = {isa = PBXBuildFile; fileRef = 77D077D828DB0CCA009054CC /* AppDelegate.swift */; };
		77D077DB28DB0CCA009054CC /* SceneDelegate.swift in Sources */ = {isa = PBXBuildFile; fileRef = 77D077DA28DB0CCA009054CC /* SceneDelegate.swift */; };
		77D077DD28DB0CCA009054CC /* ViewController.swift in Sources */ = {isa = PBXBuildFile; fileRef = 77D077DC28DB0CCA009054CC /* ViewController.swift */; };
		77D077E028DB0CCA009054CC /* Main.storyboard in Resources */ = {isa = PBXBuildFile; fileRef = 77D077DE28DB0CCA009054CC /* Main.storyboard */; };
		77D077E328DB0CCA009054CC /* Calculator.xcdatamodeld in Sources */ = {isa = PBXBuildFile; fileRef = 77D077E128DB0CCA009054CC /* Calculator.xcdatamodeld */; };
		77D077E528DB0CCC009054CC /* Assets.xcassets in Resources */ = {isa = PBXBuildFile; fileRef = 77D077E428DB0CCC009054CC /* Assets.xcassets */; };
		77D077E828DB0CCC009054CC /* LaunchScreen.storyboard in Resources */ = {isa = PBXBuildFile; fileRef = 77D077E628DB0CCC009054CC /* LaunchScreen.storyboard */; };
		77D077F328DB0CCC009054CC /* CalculatorTests.swift in Sources */ = {isa = PBXBuildFile; fileRef = 77D077F228DB0CCC009054CC /* CalculatorTests.swift */; };
		77D077FE28DB0CCC009054CC /* CalculatorUITests.swift in Sources */ = {isa = PBXBuildFile; fileRef = 77D077FD28DB0CCC009054CC /* CalculatorUITests.swift */; };
/* End PBXBuildFile section */

/* Begin PBXContainerItemProxy section */
		77D077EF28DB0CCC009054CC /* PBXContainerItemProxy */ = {
			isa = PBXContainerItemProxy;
			containerPortal = 77D077CD28DB0CCA009054CC /* Project object */;
			proxyType = 1;
			remoteGlobalIDString = 77D077D428DB0CCA009054CC;
			remoteInfo = Calculator;
		};
		77D077FA28DB0CCC009054CC /* PBXContainerItemProxy */ = {
			isa = PBXContainerItemProxy;
			containerPortal = 77D077CD28DB0CCA009054CC /* Project object */;
			proxyType = 1;
			remoteGlobalIDString = 77D077D428DB0CCA009054CC;
			remoteInfo = Calculator;
		};
/* End PBXContainerItemProxy section */

/* Begin PBXFileReference section */
		77D077D528DB0CCA009054CC /* Calculator.app */ = {isa = PBXFileReference; explicitFileType = wrapper.application; includeInIndex = 0; path = Calculator.app; sourceTree = BUILT_PRODUCTS_DIR; };
		77D077D828DB0CCA009054CC /* AppDelegate.swift */ = {isa = PBXFileReference; lastKnownFileType = sourcecode.swift; path = AppDelegate.swift; sourceTree = "<group>"; };
		77D077DA28DB0CCA009054CC /* SceneDelegate.swift */ = {isa = PBXFileReference; lastKnownFileType = sourcecode.swift; path = SceneDelegate.swift; sourceTree = "<group>"; };
		77D077DC28DB0CCA009054CC /* ViewController.swift */ = {isa = PBXFileReference; lastKnownFileType = sourcecode.swift; path = ViewController.swift; sourceTree = "<group>"; };
		77D077DF28DB0CCA009054CC /* Base */ = {isa = PBXFileReference; lastKnownFileType = file.storyboard; name = Base; path = Base.lproj/Main.storyboard; sourceTree = "<group>"; };
		77D077E228DB0CCA009054CC /* Calculator.xcdatamodel */ = {isa = PBXFileReference; lastKnownFileType = wrapper.xcdatamodel; path = Calculator.xcdatamodel; sourceTree = "<group>"; };
		77D077E428DB0CCC009054CC /* Assets.xcassets */ = {isa = PBXFileReference; lastKnownFileType = folder.assetcatalog; path = Assets.xcassets; sourceTree = "<group>"; };
		77D077E728DB0CCC009054CC /* Base */ = {isa = PBXFileReference; lastKnownFileType = file.storyboard; name = Base; path = Base.lproj/LaunchScreen.storyboard; sourceTree = "<group>"; };
		77D077E928DB0CCC009054CC /* Info.plist */ = {isa = PBXFileReference; lastKnownFileType = text.plist.xml; path = Info.plist; sourceTree = "<group>"; };
		77D077EE28DB0CCC009054CC /* CalculatorTests.xctest */ = {isa = PBXFileReference; explicitFileType = wrapper.cfbundle; includeInIndex = 0; path = CalculatorTests.xctest; sourceTree = BUILT_PRODUCTS_DIR; };
		77D077F228DB0CCC009054CC /* CalculatorTests.swift */ = {isa = PBXFileReference; lastKnownFileType = sourcecode.swift; path = CalculatorTests.swift; sourceTree = "<group>"; };
		77D077F428DB0CCC009054CC /* Info.plist */ = {isa = PBXFileReference; lastKnownFileType = text.plist.xml; path = Info.plist; sourceTree = "<group>"; };
		77D077F928DB0CCC009054CC /* CalculatorUITests.xctest */ = {isa = PBXFileReference; explicitFileType = wrapper.cfbundle; includeInIndex = 0; path = CalculatorUITests.xctest; sourceTree = BUILT_PRODUCTS_DIR; };
		77D077FD28DB0CCC009054CC /* CalculatorUITests.swift */ = {isa = PBXFileReference; lastKnownFileType = sourcecode.swift; path = CalculatorUITests.swift; sourceTree = "<group>"; };
		77D077FF28DB0CCC009054CC /* Info.plist */ = {isa = PBXFileReference; lastKnownFileType = text.plist.xml; path = Info.plist; sourceTree = "<group>"; };
/* End PBXFileReference section */

/* Begin PBXFrameworksBuildPhase section */
		77D077D228DB0CCA009054CC /* Frameworks */ = {
			isa = PBXFrameworksBuildPhase;
			buildActionMask = 2147483647;
			files = (
			);
			runOnlyForDeploymentPostprocessing = 0;
		};
		77D077EB28DB0CCC009054CC /* Frameworks */ = {
			isa = PBXFrameworksBuildPhase;
			buildActionMask = 2147483647;
			files = (
			);
			runOnlyForDeploymentPostprocessing = 0;
		};
		77D077F628DB0CCC009054CC /* Frameworks */ = {
			isa = PBXFrameworksBuildPhase;
			buildActionMask = 2147483647;
			files = (
			);
			runOnlyForDeploymentPostprocessing = 0;
		};
/* End PBXFrameworksBuildPhase section */

/* Begin PBXGroup section */
		77D077CC28DB0CCA009054CC = {
			isa = PBXGroup;
			children = (
				77D077D728DB0CCA009054CC /* Calculator */,
				77D077F128DB0CCC009054CC /* CalculatorTests */,
				77D077FC28DB0CCC009054CC /* CalculatorUITests */,
				77D077D628DB0CCA009054CC /* Products */,
			);
			sourceTree = "<group>";
		};
		77D077D628DB0CCA009054CC /* Products */ = {
			isa = PBXGroup;
			children = (
				77D077D528DB0CCA009054CC /* Calculator.app */,
				77D077EE28DB0CCC009054CC /* CalculatorTests.xctest */,
				77D077F928DB0CCC009054CC /* CalculatorUITests.xctest */,
			);
			name = Products;
			sourceTree = "<group>";
		};
		77D077D728DB0CCA009054CC /* Calculator */ = {
			isa = PBXGroup;
			children = (
				77D077D828DB0CCA009054CC /* AppDelegate.swift */,
				77D077DA28DB0CCA009054CC /* SceneDelegate.swift */,
				77D077DC28DB0CCA009054CC /* ViewController.swift */,
				77D077DE28DB0CCA009054CC /* Main.storyboard */,
				77D077E428DB0CCC009054CC /* Assets.xcassets */,
				77D077E628DB0CCC009054CC /* LaunchScreen.storyboard */,
				77D077E928DB0CCC009054CC /* Info.plist */,
				77D077E128DB0CCA009054CC /* Calculator.xcdatamodeld */,
			);
			path = Calculator;
			sourceTree = "<group>";
		};
		77D077F128DB0CCC009054CC /* CalculatorTests */ = {
			isa = PBXGroup;
			children = (
				77D077F228DB0CCC009054CC /* CalculatorTests.swift */,
				77D077F428DB0CCC009054CC /* Info.plist */,
			);
			path = CalculatorTests;
			sourceTree = "<group>";
		};
		77D077FC28DB0CCC009054CC /* CalculatorUITests */ = {
			isa = PBXGroup;
			children = (
				77D077FD28DB0CCC009054CC /* CalculatorUITests.swift */,
				77D077FF28DB0CCC009054CC /* Info.plist */,
			);
			path = CalculatorUITests;
			sourceTree = "<group>";
		};
/* End PBXGroup section */

/* Begin PBXNativeTarget section */
		77D077D428DB0CCA009054CC /* Calculator */ = {
			isa = PBXNativeTarget;
			buildConfigurationList = 77D0780228DB0CCC009054CC /* Build configuration list for PBXNativeTarget "Calculator" */;
			buildPhases = (
				77D077D128DB0CCA009054CC /* Sources */,
				77D077D228DB0CCA009054CC /* Frameworks */,
				77D077D328DB0CCA009054CC /* Resources */,
			);
			buildRules = (
			);
			dependencies = (
			);
			name = Calculator;
			productName = Calculator;
			productReference = 77D077D528DB0CCA009054CC /* Calculator.app */;
			productType = "com.apple.product-type.application";
		};
		77D077ED28DB0CCC009054CC /* CalculatorTests */ = {
			isa = PBXNativeTarget;
			buildConfigurationList = 77D0780528DB0CCC009054CC /* Build configuration list for PBXNativeTarget "CalculatorTests" */;
			buildPhases = (
				77D077EA28DB0CCC009054CC /* Sources */,
				77D077EB28DB0CCC009054CC /* Frameworks */,
				77D077EC28DB0CCC009054CC /* Resources */,
			);
			buildRules = (
			);
			dependencies = (
				77D077F028DB0CCC009054CC /* PBXTargetDependency */,
			);
			name = CalculatorTests;
			productName = CalculatorTests;
			productReference = 77D077EE28DB0CCC009054CC /* CalculatorTests.xctest */;
			productType = "com.apple.product-type.bundle.unit-test";
		};
		77D077F828DB0CCC009054CC /* CalculatorUITests */ = {
			isa = PBXNativeTarget;
			buildConfigurationList = 77D0780828DB0CCC009054CC /* Build configuration list for PBXNativeTarget "CalculatorUITests" */;
			buildPhases = (
				77D077F528DB0CCC009054CC /* Sources */,
				77D077F628DB0CCC009054CC /* Frameworks */,
				77D077F728DB0CCC009054CC /* Resources */,
			);
			buildRules = (
			);
			dependencies = (
				77D077FB28DB0CCC009054CC /* PBXTargetDependency */,
			);
			name = CalculatorUITests;
			productName = CalculatorUITests;
			productReference = 77D077F928DB0CCC009054CC /* CalculatorUITests.xctest */;
			productType = "com.apple.product-type.bundle.ui-testing";
		};
/* End PBXNativeTarget section */

/* Begin PBXProject section */
		77D077CD28DB0CCA009054CC /* Project object */ = {
			isa = PBXProject;
			attributes = {
				LastSwiftUpdateCheck = 1240;
				LastUpgradeCheck = 1240;
				TargetAttributes = {
					77D077D428DB0CCA009054CC = {
						CreatedOnToolsVersion = 12.4;
					};
					77D077ED28DB0CCC009054CC = {
						CreatedOnToolsVersion = 12.4;
						TestTargetID = 77D077D428DB0CCA009054CC;
					};
					77D077F828DB0CCC009054CC = {
						CreatedOnToolsVersion = 12.4;
						TestTargetID = 77D077D428DB0CCA009054CC;
					};
				};
			};
			buildConfigurationList = 77D077D028DB0CCA009054CC /* Build configuration list for PBXProject "Calculator" */;
			compatibilityVersion = "Xcode 9.3";
			developmentRegion = en;
			hasScannedForEncodings = 0;
			knownRegions = (
				en,
				Base,
			);
			mainGroup = 77D077CC28DB0CCA009054CC;
			productRefGroup = 77D077D628DB0CCA009054CC /* Products */;
			projectDirPath = "";
			projectRoot = "";
			targets = (
				77D077D428DB0CCA009054CC /* Calculator */,
				77D077ED28DB0CCC009054CC /* CalculatorTests */,
				77D077F828DB0CCC009054CC /* CalculatorUITests */,
			);
		};
/* End PBXProject section */

/* Begin PBXResourcesBuildPhase section */
		77D077D328DB0CCA009054CC /* Resources */ = {
			isa = PBXResourcesBuildPhase;
			buildActionMask = 2147483647;
			files = (
				77D077E828DB0CCC009054CC /* LaunchScreen.storyboard in Resources */,
				77D077E528DB0CCC009054CC /* Assets.xcassets in Resources */,
				77D077E028DB0CCA009054CC /* Main.storyboard in Resources */,
			);
			runOnlyForDeploymentPostprocessing = 0;
		};
		77D077EC28DB0CCC009054CC /* Resources */ = {
			isa = PBXResourcesBuildPhase;
			buildActionMask = 2147483647;
			files = (
			);
			runOnlyForDeploymentPostprocessing = 0;
		};
		77D077F728DB0CCC009054CC /* Resources */ = {
			isa = PBXResourcesBuildPhase;
			buildActionMask = 2147483647;
			files = (
			);
			runOnlyForDeploymentPostprocessing = 0;
		};
/* End PBXResourcesBuildPhase section */

/* Begin PBXSourcesBuildPhase section */
		77D077D128DB0CCA009054CC /* Sources */ = {
			isa = PBXSourcesBuildPhase;
			buildActionMask = 2147483647;
			files = (
				77D077DD28DB0CCA009054CC /* ViewController.swift in Sources */,
				77D077E328DB0CCA009054CC /* Calculator.xcdatamodeld in Sources */,
				77D077D928DB0CCA009054CC /* AppDelegate.swift in Sources */,
				77D077DB28DB0CCA009054CC /* SceneDelegate.swift in Sources */,
			);
			runOnlyForDeploymentPostprocessing = 0;
		};
		77D077EA28DB0CCC009054CC /* Sources */ = {
			isa = PBXSourcesBuildPhase;
			buildActionMask = 2147483647;
			files = (
				77D077F328DB0CCC009054CC /* CalculatorTests.swift in Sources */,
			);
			runOnlyForDeploymentPostprocessing = 0;
		};
		77D077F528DB0CCC009054CC /* Sources */ = {
			isa = PBXSourcesBuildPhase;
			buildActionMask = 2147483647;
			files = (
				77D077FE28DB0CCC009054CC /* CalculatorUITests.swift in Sources */,
			);
			runOnlyForDeploymentPostprocessing = 0;
		};
/* End PBXSourcesBuildPhase section */

/* Begin PBXTargetDependency section */
		77D077F028DB0CCC009054CC /* PBXTargetDependency */ = {
			isa = PBXTargetDependency;
			target = 77D077D428DB0CCA009054CC /* Calculator */;
			targetProxy = 77D077EF28DB0CCC009054CC /* PBXContainerItemProxy */;
		};
		77D077FB28DB0CCC009054CC /* PBXTargetDependency */ = {
			isa = PBXTargetDependency;
			target = 77D077D428DB0CCA009054CC /* Calculator */;
			targetProxy = 77D077FA28DB0CCC009054CC /* PBXContainerItemProxy */;
		};
/* End PBXTargetDependency section */

/* Begin PBXVariantGroup section */
		77D077DE28DB0CCA009054CC /* Main.storyboard */ = {
			isa = PBXVariantGroup;
			children = (
				77D077DF28DB0CCA009054CC /* Base */,
			);
			name = Main.storyboard;
			sourceTree = "<group>";
		};
		77D077E628DB0CCC009054CC /* LaunchScreen.storyboard */ = {
			isa = PBXVariantGroup;
			children = (
				77D077E728DB0CCC009054CC /* Base */,
			);
			name = LaunchScreen.storyboard;
			sourceTree = "<group>";
		};
/* End PBXVariantGroup section */

/* Begin XCBuildConfiguration section */
		77D0780028DB0CCC009054CC /* Debug */ = {
			isa = XCBuildConfiguration;
			buildSettings = {
				ALWAYS_SEARCH_USER_PATHS = NO;
				CLANG_ANALYZER_NONNULL = YES;
				CLANG_ANALYZER_NUMBER_OBJECT_CONVERSION = YES_AGGRESSIVE;
				CLANG_CXX_LANGUAGE_STANDARD = "gnu++14";
				CLANG_CXX_LIBRARY = "libc++";
				CLANG_ENABLE_MODULES = YES;
				CLANG_ENABLE_OBJC_ARC = YES;
				CLANG_ENABLE_OBJC_WEAK = YES;
				CLANG_WARN_BLOCK_CAPTURE_AUTORELEASING = YES;
				CLANG_WARN_BOOL_CONVERSION = YES;
				CLANG_WARN_COMMA = YES;
				CLANG_WARN_CONSTANT_CONVERSION = YES;
				CLANG_WARN_DEPRECATED_OBJC_IMPLEMENTATIONS = YES;
				CLANG_WARN_DIRECT_OBJC_ISA_USAGE = YES_ERROR;
				CLANG_WARN_DOCUMENTATION_COMMENTS = YES;
				CLANG_WARN_EMPTY_BODY = YES;
				CLANG_WARN_ENUM_CONVERSION = YES;
				CLANG_WARN_INFINITE_RECURSION = YES;
				CLANG_WARN_INT_CONVERSION = YES;
				CLANG_WARN_NON_LITERAL_NULL_CONVERSION = YES;
				CLANG_WARN_OBJC_IMPLICIT_RETAIN_SELF = YES;
				CLANG_WARN_OBJC_LITERAL_CONVERSION = YES;
				CLANG_WARN_OBJC_ROOT_CLASS = YES_ERROR;
				CLANG_WARN_QUOTED_INCLUDE_IN_FRAMEWORK_HEADER = YES;
				CLANG_WARN_RANGE_LOOP_ANALYSIS = YES;
				CLANG_WARN_STRICT_PROTOTYPES = YES;
				CLANG_WARN_SUSPICIOUS_MOVE = YES;
				CLANG_WARN_UNGUARDED_AVAILABILITY = YES_AGGRESSIVE;
				CLANG_WARN_UNREACHABLE_CODE = YES;
				CLANG_WARN__DUPLICATE_METHOD_MATCH = YES;
				COPY_PHASE_STRIP = NO;
				DEBUG_INFORMATION_FORMAT = dwarf;
				ENABLE_STRICT_OBJC_MSGSEND = YES;
				ENABLE_TESTABILITY = YES;
				GCC_C_LANGUAGE_STANDARD = gnu11;
				GCC_DYNAMIC_NO_PIC = NO;
				GCC_NO_COMMON_BLOCKS = YES;
				GCC_OPTIMIZATION_LEVEL = 0;
				GCC_PREPROCESSOR_DEFINITIONS = (
					"DEBUG=1",
					"$(inherited)",
				);
				GCC_WARN_64_TO_32_BIT_CONVERSION = YES;
				GCC_WARN_ABOUT_RETURN_TYPE = YES_ERROR;
				GCC_WARN_UNDECLARED_SELECTOR = YES;
				GCC_WARN_UNINITIALIZED_AUTOS = YES_AGGRESSIVE;
				GCC_WARN_UNUSED_FUNCTION = YES;
				GCC_WARN_UNUSED_VARIABLE = YES;
				IPHONEOS_DEPLOYMENT_TARGET = 14.4;
				MTL_ENABLE_DEBUG_INFO = INCLUDE_SOURCE;
				MTL_FAST_MATH = YES;
				ONLY_ACTIVE_ARCH = YES;
				SDKROOT = iphoneos;
				SWIFT_ACTIVE_COMPILATION_CONDITIONS = DEBUG;
				SWIFT_OPTIMIZATION_LEVEL = "-Onone";
			};
			name = Debug;
		};
		77D0780128DB0CCC009054CC /* Release */ = {
			isa = XCBuildConfiguration;
			buildSettings = {
				ALWAYS_SEARCH_USER_PATHS = NO;
				CLANG_ANALYZER_NONNULL = YES;
				CLANG_ANALYZER_NUMBER_OBJECT_CONVERSION = YES_AGGRESSIVE;
				CLANG_CXX_LANGUAGE_STANDARD = "gnu++14";
				CLANG_CXX_LIBRARY = "libc++";
				CLANG_ENABLE_MODULES = YES;
				CLANG_ENABLE_OBJC_ARC = YES;
				CLANG_ENABLE_OBJC_WEAK = YES;
				CLANG_WARN_BLOCK_CAPTURE_AUTORELEASING = YES;
				CLANG_WARN_BOOL_CONVERSION = YES;
				CLANG_WARN_COMMA = YES;
				CLANG_WARN_CONSTANT_CONVERSION = YES;
				CLANG_WARN_DEPRECATED_OBJC_IMPLEMENTATIONS = YES;
				CLANG_WARN_DIRECT_OBJC_ISA_USAGE = YES_ERROR;
				CLANG_WARN_DOCUMENTATION_COMMENTS = YES;
				CLANG_WARN_EMPTY_BODY = YES;
				CLANG_WARN_ENUM_CONVERSION = YES;
				CLANG_WARN_INFINITE_RECURSION = YES;
				CLANG_WARN_INT_CONVERSION = YES;
				CLANG_WARN_NON_LITERAL_NULL_CONVERSION = YES;
				CLANG_WARN_OBJC_IMPLICIT_RETAIN_SELF = YES;
				CLANG_WARN_OBJC_LITERAL_CONVERSION = YES;
				CLANG_WARN_OBJC_ROOT_CLASS = YES_ERROR;
				CLANG_WARN_QUOTED_INCLUDE_IN_FRAMEWORK_HEADER = YES;
				CLANG_WARN_RANGE_LOOP_ANALYSIS = YES;
				CLANG_WARN_STRICT_PROTOTYPES = YES;
				CLANG_WARN_SUSPICIOUS_MOVE = YES;
				CLANG_WARN_UNGUARDED_AVAILABILITY = YES_AGGRESSIVE;
				CLANG_WARN_UNREACHABLE_CODE = YES;
				CLANG_WARN__DUPLICATE_METHOD_MATCH = YES;
				COPY_PHASE_STRIP = NO;
				DEBUG_INFORMATION_FORMAT = "dwarf-with-dsym";
				ENABLE_NS_ASSERTIONS = NO;
				ENABLE_STRICT_OBJC_MSGSEND = YES;
				GCC_C_LANGUAGE_STANDARD = gnu11;
				GCC_NO_COMMON_BLOCKS = YES;
				GCC_WARN_64_TO_32_BIT_CONVERSION = YES;
				GCC_WARN_ABOUT_RETURN_TYPE = YES_ERROR;
				GCC_WARN_UNDECLARED_SELECTOR = YES;
				GCC_WARN_UNINITIALIZED_AUTOS = YES_AGGRESSIVE;
				GCC_WARN_UNUSED_FUNCTION = YES;
				GCC_WARN_UNUSED_VARIABLE = YES;
				IPHONEOS_DEPLOYMENT_TARGET = 14.4;
				MTL_ENABLE_DEBUG_INFO = NO;
				MTL_FAST_MATH = YES;
				SDKROOT = iphoneos;
				SWIFT_COMPILATION_MODE = wholemodule;
				SWIFT_OPTIMIZATION_LEVEL = "-O";
				VALIDATE_PRODUCT = YES;
			};
			name = Release;
		};
		77D0780328DB0CCC009054CC /* Debug */ = {
			isa = XCBuildConfiguration;
			buildSettings = {
				ASSETCATALOG_COMPILER_APPICON_NAME = AppIcon;
				ASSETCATALOG_COMPILER_GLOBAL_ACCENT_COLOR_NAME = AccentColor;
				CODE_SIGN_STYLE = Automatic;
				INFOPLIST_FILE = Calculator/Info.plist;
				LD_RUNPATH_SEARCH_PATHS = (
					"$(inherited)",
					"@executable_path/Frameworks",
				);
				PRODUCT_BUNDLE_IDENTIFIER = H.Calculator;
				PRODUCT_NAME = "$(TARGET_NAME)";
				SWIFT_VERSION = 5.0;
				TARGETED_DEVICE_FAMILY = "1,2";
			};
			name = Debug;
		};
		77D0780428DB0CCC009054CC /* Release */ = {
			isa = XCBuildConfiguration;
			buildSettings = {
				ASSETCATALOG_COMPILER_APPICON_NAME = AppIcon;
				ASSETCATALOG_COMPILER_GLOBAL_ACCENT_COLOR_NAME = AccentColor;
				CODE_SIGN_STYLE = Automatic;
				INFOPLIST_FILE = Calculator/Info.plist;
				LD_RUNPATH_SEARCH_PATHS = (
					"$(inherited)",
					"@executable_path/Frameworks",
				);
				PRODUCT_BUNDLE_IDENTIFIER = H.Calculator;
				PRODUCT_NAME = "$(TARGET_NAME)";
				SWIFT_VERSION = 5.0;
				TARGETED_DEVICE_FAMILY = "1,2";
			};
			name = Release;
		};
		77D0780628DB0CCC009054CC /* Debug */ = {
			isa = XCBuildConfiguration;
			buildSettings = {
				ALWAYS_EMBED_SWIFT_STANDARD_LIBRARIES = YES;
				BUNDLE_LOADER = "$(TEST_HOST)";
				CODE_SIGN_STYLE = Automatic;
				INFOPLIST_FILE = CalculatorTests/Info.plist;
				IPHONEOS_DEPLOYMENT_TARGET = 14.4;
				LD_RUNPATH_SEARCH_PATHS = (
					"$(inherited)",
					"@executable_path/Frameworks",
					"@loader_path/Frameworks",
				);
				PRODUCT_BUNDLE_IDENTIFIER = H.CalculatorTests;
				PRODUCT_NAME = "$(TARGET_NAME)";
				SWIFT_VERSION = 5.0;
				TARGETED_DEVICE_FAMILY = "1,2";
				TEST_HOST = "$(BUILT_PRODUCTS_DIR)/Calculator.app/Calculator";
			};
			name = Debug;
		};
		77D0780728DB0CCC009054CC /* Release */ = {
			isa = XCBuildConfiguration;
			buildSettings = {
				ALWAYS_EMBED_SWIFT_STANDARD_LIBRARIES = YES;
				BUNDLE_LOADER = "$(TEST_HOST)";
				CODE_SIGN_STYLE = Automatic;
				INFOPLIST_FILE = CalculatorTests/Info.plist;
				IPHONEOS_DEPLOYMENT_TARGET = 14.4;
				LD_RUNPATH_SEARCH_PATHS = (
					"$(inherited)",
					"@executable_path/Frameworks",
					"@loader_path/Frameworks",
				);
				PRODUCT_BUNDLE_IDENTIFIER = H.CalculatorTests;
				PRODUCT_NAME = "$(TARGET_NAME)";
				SWIFT_VERSION = 5.0;
				TARGETED_DEVICE_FAMILY = "1,2";
				TEST_HOST = "$(BUILT_PRODUCTS_DIR)/Calculator.app/Calculator";
			};
			name = Release;
		};
		77D0780928DB0CCC009054CC /* Debug */ = {
			isa = XCBuildConfiguration;
			buildSettings = {
				ALWAYS_EMBED_SWIFT_STANDARD_LIBRARIES = YES;
				CODE_SIGN_STYLE = Automatic;
				INFOPLIST_FILE = CalculatorUITests/Info.plist;
				LD_RUNPATH_SEARCH_PATHS = (
					"$(inherited)",
					"@executable_path/Frameworks",
					"@loader_path/Frameworks",
				);
				PRODUCT_BUNDLE_IDENTIFIER = H.CalculatorUITests;
				PRODUCT_NAME = "$(TARGET_NAME)";
				SWIFT_VERSION = 5.0;
				TARGETED_DEVICE_FAMILY = "1,2";
				TEST_TARGET_NAME = Calculator;
			};
			name = Debug;
		};
		77D0780A28DB0CCC009054CC /* Release */ = {
			isa = XCBuildConfiguration;
			buildSettings = {
				ALWAYS_EMBED_SWIFT_STANDARD_LIBRARIES = YES;
				CODE_SIGN_STYLE = Automatic;
				INFOPLIST_FILE = CalculatorUITests/Info.plist;
				LD_RUNPATH_SEARCH_PATHS = (
					"$(inherited)",
					"@executable_path/Frameworks",
					"@loader_path/Frameworks",
				);
				PRODUCT_BUNDLE_IDENTIFIER = H.CalculatorUITests;
				PRODUCT_NAME = "$(TARGET_NAME)";
				SWIFT_VERSION = 5.0;
				TARGETED_DEVICE_FAMILY = "1,2";
				TEST_TARGET_NAME = Calculator;
			};
			name = Release;
		};
/* End XCBuildConfiguration section */

/* Begin XCConfigurationList section */
		77D077D028DB0CCA009054CC /* Build configuration list for PBXProject "Calculator" */ = {
			isa = XCConfigurationList;
			buildConfigurations = (
				77D0780028DB0CCC009054CC /* Debug */,
				77D0780128DB0CCC009054CC /* Release */,
			);
			defaultConfigurationIsVisible = 0;
			defaultConfigurationName = Release;
		};
		77D0780228DB0CCC009054CC /* Build configuration list for PBXNativeTarget "Calculator" */ = {
			isa = XCConfigurationList;
			buildConfigurations = (
				77D0780328DB0CCC009054CC /* Debug */,
				77D0780428DB0CCC009054CC /* Release */,
			);
			defaultConfigurationIsVisible = 0;
			defaultConfigurationName = Release;
		};
		77D0780528DB0CCC009054CC /* Build configuration list for PBXNativeTarget "CalculatorTests" */ = {
			isa = XCConfigurationList;
			buildConfigurations = (
				77D0780628DB0CCC009054CC /* Debug */,
				77D0780728DB0CCC009054CC /* Release */,
			);
			defaultConfigurationIsVisible = 0;
			defaultConfigurationName = Release;
		};
		77D0780828DB0CCC009054CC /* Build configuration list for PBXNativeTarget "CalculatorUITests" */ = {
			isa = XCConfigurationList;
			buildConfigurations = (
				77D0780928DB0CCC009054CC /* Debug */,
				77D0780A28DB0CCC009054CC /* Release */,
			);
			defaultConfigurationIsVisible = 0;
			defaultConfigurationName = Release;
		};
/* End XCConfigurationList section */

/* Begin XCVersionGroup section */
		77D077E128DB0CCA009054CC /* Calculator.xcdatamodeld */ = {
			isa = XCVersionGroup;
			children = (
				77D077E228DB0CCA009054CC /* Calculator.xcdatamodel */,
			);
			currentVersion = 77D077E228DB0CCA009054CC /* Calculator.xcdatamodel */;
			path = Calculator.xcdatamodeld;
			sourceTree = "<group>";
			versionGroupType = wrapper.xcdatamodel;
		};
/* End XCVersionGroup section */
	};
	rootObject = 77D077CD28DB0CCA009054CC /* Project object */;
}
